// !$*UTF8*$!
{
	archiveVersion = 1;
	classes = {
	};
	objectVersion = 50;
	objects = {

/* Begin PBXBuildFile section */
		D20BF6B521B7F21A00CC211D /* ViewControllerItem2.swift in Sources */ = {isa = PBXBuildFile; fileRef = D20BF6B421B7F21A00CC211D /* ViewControllerItem2.swift */; };
		D20BF6B721B7F64600CC211D /* datosGlobales.swift in Sources */ = {isa = PBXBuildFile; fileRef = D20BF6B621B7F64600CC211D /* datosGlobales.swift */; };
		D22E502721BFF2E100A35022 /* DetailTicketInside.swift in Sources */ = {isa = PBXBuildFile; fileRef = D22E502621BFF2E100A35022 /* DetailTicketInside.swift */; };
		D22FB19021B6DF1C00260C51 /* AppDelegate.swift in Sources */ = {isa = PBXBuildFile; fileRef = D22FB18F21B6DF1C00260C51 /* AppDelegate.swift */; };
		D22FB19221B6DF1C00260C51 /* ViewController.swift in Sources */ = {isa = PBXBuildFile; fileRef = D22FB19121B6DF1C00260C51 /* ViewController.swift */; };
		D22FB19521B6DF1C00260C51 /* Main.storyboard in Resources */ = {isa = PBXBuildFile; fileRef = D22FB19321B6DF1C00260C51 /* Main.storyboard */; };
		D22FB19721B6DF1D00260C51 /* Assets.xcassets in Resources */ = {isa = PBXBuildFile; fileRef = D22FB19621B6DF1D00260C51 /* Assets.xcassets */; };
		D22FB19A21B6DF1D00260C51 /* LaunchScreen.storyboard in Resources */ = {isa = PBXBuildFile; fileRef = D22FB19821B6DF1D00260C51 /* LaunchScreen.storyboard */; };
		D22FB1A221B6E0D600260C51 /* CellTableViewCell.swift in Sources */ = {isa = PBXBuildFile; fileRef = D22FB1A121B6E0D600260C51 /* CellTableViewCell.swift */; };
		D2CC38A621B95E58002B5B05 /* TableViewCellBuyTicket.swift in Sources */ = {isa = PBXBuildFile; fileRef = D2CC38A521B95E58002B5B05 /* TableViewCellBuyTicket.swift */; };
		D2E19BAC21B6E7DF00D24FDB /* DetailViewController.swift in Sources */ = {isa = PBXBuildFile; fileRef = D2E19BAB21B6E7DF00D24FDB /* DetailViewController.swift */; };
/* End PBXBuildFile section */

/* Begin PBXFileReference section */
		D20BF6B421B7F21A00CC211D /* ViewControllerItem2.swift */ = {isa = PBXFileReference; lastKnownFileType = sourcecode.swift; path = ViewControllerItem2.swift; sourceTree = "<group>"; };
		D20BF6B621B7F64600CC211D /* datosGlobales.swift */ = {isa = PBXFileReference; lastKnownFileType = sourcecode.swift; path = datosGlobales.swift; sourceTree = "<group>"; };
		D22E502621BFF2E100A35022 /* DetailTicketInside.swift */ = {isa = PBXFileReference; lastKnownFileType = sourcecode.swift; path = DetailTicketInside.swift; sourceTree = "<group>"; };
		D22FB18C21B6DF1C00260C51 /* VentaEntradas.app */ = {isa = PBXFileReference; explicitFileType = wrapper.application; includeInIndex = 0; path = VentaEntradas.app; sourceTree = BUILT_PRODUCTS_DIR; };
		D22FB18F21B6DF1C00260C51 /* AppDelegate.swift */ = {isa = PBXFileReference; lastKnownFileType = sourcecode.swift; path = AppDelegate.swift; sourceTree = "<group>"; };
		D22FB19121B6DF1C00260C51 /* ViewController.swift */ = {isa = PBXFileReference; lastKnownFileType = sourcecode.swift; path = ViewController.swift; sourceTree = "<group>"; };
		D22FB19421B6DF1C00260C51 /* Base */ = {isa = PBXFileReference; lastKnownFileType = file.storyboard; name = Base; path = Base.lproj/Main.storyboard; sourceTree = "<group>"; };
		D22FB19621B6DF1D00260C51 /* Assets.xcassets */ = {isa = PBXFileReference; lastKnownFileType = folder.assetcatalog; path = Assets.xcassets; sourceTree = "<group>"; };
		D22FB19921B6DF1D00260C51 /* Base */ = {isa = PBXFileReference; lastKnownFileType = file.storyboard; name = Base; path = Base.lproj/LaunchScreen.storyboard; sourceTree = "<group>"; };
		D22FB19B21B6DF1D00260C51 /* Info.plist */ = {isa = PBXFileReference; lastKnownFileType = text.plist.xml; path = Info.plist; sourceTree = "<group>"; };
		D22FB1A121B6E0D600260C51 /* CellTableViewCell.swift */ = {isa = PBXFileReference; lastKnownFileType = sourcecode.swift; path = CellTableViewCell.swift; sourceTree = "<group>"; };
		D2CC38A521B95E58002B5B05 /* TableViewCellBuyTicket.swift */ = {isa = PBXFileReference; lastKnownFileType = sourcecode.swift; path = TableViewCellBuyTicket.swift; sourceTree = "<group>"; };
		D2E19BAB21B6E7DF00D24FDB /* DetailViewController.swift */ = {isa = PBXFileReference; lastKnownFileType = sourcecode.swift; path = DetailViewController.swift; sourceTree = "<group>"; };
/* End PBXFileReference section */

/* Begin PBXFrameworksBuildPhase section */
		D22FB18921B6DF1C00260C51 /* Frameworks */ = {
			isa = PBXFrameworksBuildPhase;
			buildActionMask = 2147483647;
			files = (
			);
			runOnlyForDeploymentPostprocessing = 0;
		};
/* End PBXFrameworksBuildPhase section */

/* Begin PBXGroup section */
		D22FB18321B6DF1C00260C51 = {
			isa = PBXGroup;
			children = (
				D22FB18E21B6DF1C00260C51 /* VentaEntradas */,
				D22FB18D21B6DF1C00260C51 /* Products */,
			);
			sourceTree = "<group>";
		};
		D22FB18D21B6DF1C00260C51 /* Products */ = {
			isa = PBXGroup;
			children = (
				D22FB18C21B6DF1C00260C51 /* VentaEntradas.app */,
			);
			name = Products;
			sourceTree = "<group>";
		};
		D22FB18E21B6DF1C00260C51 /* VentaEntradas */ = {
			isa = PBXGroup;
			children = (
				D22FB18F21B6DF1C00260C51 /* AppDelegate.swift */,
				D20BF6B621B7F64600CC211D /* datosGlobales.swift */,
				D22FB1A121B6E0D600260C51 /* CellTableViewCell.swift */,
				D22FB19121B6DF1C00260C51 /* ViewController.swift */,
				D2E19BAB21B6E7DF00D24FDB /* DetailViewController.swift */,
				D22E502621BFF2E100A35022 /* DetailTicketInside.swift */,
				D2CC38A521B95E58002B5B05 /* TableViewCellBuyTicket.swift */,
				D20BF6B421B7F21A00CC211D /* ViewControllerItem2.swift */,
				D22FB19321B6DF1C00260C51 /* Main.storyboard */,
				D22FB19621B6DF1D00260C51 /* Assets.xcassets */,
				D22FB19821B6DF1D00260C51 /* LaunchScreen.storyboard */,
				D22FB19B21B6DF1D00260C51 /* Info.plist */,
			);
			path = VentaEntradas;
			sourceTree = "<group>";
		};
/* End PBXGroup section */

/* Begin PBXNativeTarget section */
		D22FB18B21B6DF1C00260C51 /* VentaEntradas */ = {
			isa = PBXNativeTarget;
			buildConfigurationList = D22FB19E21B6DF1D00260C51 /* Build configuration list for PBXNativeTarget "VentaEntradas" */;
			buildPhases = (
				D22FB18821B6DF1C00260C51 /* Sources */,
				D22FB18921B6DF1C00260C51 /* Frameworks */,
				D22FB18A21B6DF1C00260C51 /* Resources */,
			);
			buildRules = (
			);
			dependencies = (
			);
			name = VentaEntradas;
			productName = VentaEntradas;
			productReference = D22FB18C21B6DF1C00260C51 /* VentaEntradas.app */;
			productType = "com.apple.product-type.application";
		};
/* End PBXNativeTarget section */

/* Begin PBXProject section */
		D22FB18421B6DF1C00260C51 /* Project object */ = {
			isa = PBXProject;
			attributes = {
				LastSwiftUpdateCheck = 1010;
				LastUpgradeCheck = 1010;
				ORGANIZATIONNAME = "Joaquín Collazo Ruiz";
				TargetAttributes = {
					D22FB18B21B6DF1C00260C51 = {
						CreatedOnToolsVersion = 10.1;
					};
				};
			};
			buildConfigurationList = D22FB18721B6DF1C00260C51 /* Build configuration list for PBXProject "VentaEntradas" */;
			compatibilityVersion = "Xcode 9.3";
			developmentRegion = en;
			hasScannedForEncodings = 0;
			knownRegions = (
				en,
				Base,
			);
			mainGroup = D22FB18321B6DF1C00260C51;
			productRefGroup = D22FB18D21B6DF1C00260C51 /* Products */;
			projectDirPath = "";
			projectRoot = "";
			targets = (
				D22FB18B21B6DF1C00260C51 /* VentaEntradas */,
			);
		};
/* End PBXProject section */

/* Begin PBXResourcesBuildPhase section */
		D22FB18A21B6DF1C00260C51 /* Resources */ = {
			isa = PBXResourcesBuildPhase;
			buildActionMask = 2147483647;
			files = (
				D22FB19A21B6DF1D00260C51 /* LaunchScreen.storyboard in Resources */,
				D22FB19721B6DF1D00260C51 /* Assets.xcassets in Resources */,
				D22FB19521B6DF1C00260C51 /* Main.storyboard in Resources */,
			);
			runOnlyForDeploymentPostprocessing = 0;
		};
/* End PBXResourcesBuildPhase section */

/* Begin PBXSourcesBuildPhase section */
		D22FB18821B6DF1C00260C51 /* Sources */ = {
			isa = PBXSourcesBuildPhase;
			buildActionMask = 2147483647;
			files = (
				D22FB1A221B6E0D600260C51 /* CellTableViewCell.swift in Sources */,
				D22FB19221B6DF1C00260C51 /* ViewController.swift in Sources */,
				D20BF6B721B7F64600CC211D /* datosGlobales.swift in Sources */,
				D20BF6B521B7F21A00CC211D /* ViewControllerItem2.swift in Sources */,
				D22FB19021B6DF1C00260C51 /* AppDelegate.swift in Sources */,
				D2E19BAC21B6E7DF00D24FDB /* DetailViewController.swift in Sources */,
				D22E502721BFF2E100A35022 /* DetailTicketInside.swift in Sources */,
				D2CC38A621B95E58002B5B05 /* TableViewCellBuyTicket.swift in Sources */,
			);
			runOnlyForDeploymentPostprocessing = 0;
		};
/* End PBXSourcesBuildPhase section */

/* Begin PBXVariantGroup section */
		D22FB19321B6DF1C00260C51 /* Main.storyboard */ = {
			isa = PBXVariantGroup;
			children = (
				D22FB19421B6DF1C00260C51 /* Base */,
			);
			name = Main.storyboard;
			sourceTree = "<group>";
		};
		D22FB19821B6DF1D00260C51 /* LaunchScreen.storyboard */ = {
			isa = PBXVariantGroup;
			children = (
				D22FB19921B6DF1D00260C51 /* Base */,
			);
			name = LaunchScreen.storyboard;
			sourceTree = "<group>";
		};
/* End PBXVariantGroup section */

/* Begin XCBuildConfiguration section */
		D22FB19C21B6DF1D00260C51 /* Debug */ = {
			isa = XCBuildConfiguration;
			buildSettings = {
				ALWAYS_SEARCH_USER_PATHS = NO;
				CLANG_ANALYZER_NONNULL = YES;
				CLANG_ANALYZER_NUMBER_OBJECT_CONVERSION = YES_AGGRESSIVE;
				CLANG_CXX_LANGUAGE_STANDARD = "gnu++14";
				CLANG_CXX_LIBRARY = "libc++";
				CLANG_ENABLE_MODULES = YES;
				CLANG_ENABLE_OBJC_ARC = YES;
				CLANG_ENABLE_OBJC_WEAK = YES;
				CLANG_WARN_BLOCK_CAPTURE_AUTORELEASING = YES;
				CLANG_WARN_BOOL_CONVERSION = YES;
				CLANG_WARN_COMMA = YES;
				CLANG_WARN_CONSTANT_CONVERSION = YES;
				CLANG_WARN_DEPRECATED_OBJC_IMPLEMENTATIONS = YES;
				CLANG_WARN_DIRECT_OBJC_ISA_USAGE = YES_ERROR;
				CLANG_WARN_DOCUMENTATION_COMMENTS = YES;
				CLANG_WARN_EMPTY_BODY = YES;
				CLANG_WARN_ENUM_CONVERSION = YES;
				CLANG_WARN_INFINITE_RECURSION = YES;
				CLANG_WARN_INT_CONVERSION = YES;
				CLANG_WARN_NON_LITERAL_NULL_CONVERSION = YES;
				CLANG_WARN_OBJC_IMPLICIT_RETAIN_SELF = YES;
				CLANG_WARN_OBJC_LITERAL_CONVERSION = YES;
				CLANG_WARN_OBJC_ROOT_CLASS = YES_ERROR;
				CLANG_WARN_RANGE_LOOP_ANALYSIS = YES;
				CLANG_WARN_STRICT_PROTOTYPES = YES;
				CLANG_WARN_SUSPICIOUS_MOVE = YES;
				CLANG_WARN_UNGUARDED_AVAILABILITY = YES_AGGRESSIVE;
				CLANG_WARN_UNREACHABLE_CODE = YES;
				CLANG_WARN__DUPLICATE_METHOD_MATCH = YES;
				CODE_SIGN_IDENTITY = "iPhone Developer";
				COPY_PHASE_STRIP = NO;
				DEBUG_INFORMATION_FORMAT = dwarf;
				ENABLE_STRICT_OBJC_MSGSEND = YES;
				ENABLE_TESTABILITY = YES;
				GCC_C_LANGUAGE_STANDARD = gnu11;
				GCC_DYNAMIC_NO_PIC = NO;
				GCC_NO_COMMON_BLOCKS = YES;
				GCC_OPTIMIZATION_LEVEL = 0;
				GCC_PREPROCESSOR_DEFINITIONS = (
					"DEBUG=1",
					"$(inherited)",
				);
				GCC_WARN_64_TO_32_BIT_CONVERSION = YES;
				GCC_WARN_ABOUT_RETURN_TYPE = YES_ERROR;
				GCC_WARN_UNDECLARED_SELECTOR = YES;
				GCC_WARN_UNINITIALIZED_AUTOS = YES_AGGRESSIVE;
				GCC_WARN_UNUSED_FUNCTION = YES;
				GCC_WARN_UNUSED_VARIABLE = YES;
				IPHONEOS_DEPLOYMENT_TARGET = 12.1;
				MTL_ENABLE_DEBUG_INFO = INCLUDE_SOURCE;
				MTL_FAST_MATH = YES;
				ONLY_ACTIVE_ARCH = YES;
				SDKROOT = iphoneos;
				SWIFT_ACTIVE_COMPILATION_CONDITIONS = DEBUG;
				SWIFT_OPTIMIZATION_LEVEL = "-Onone";
			};
			name = Debug;
		};
		D22FB19D21B6DF1D00260C51 /* Release */ = {
			isa = XCBuildConfiguration;
			buildSettings = {
				ALWAYS_SEARCH_USER_PATHS = NO;
				CLANG_ANALYZER_NONNULL = YES;
				CLANG_ANALYZER_NUMBER_OBJECT_CONVERSION = YES_AGGRESSIVE;
				CLANG_CXX_LANGUAGE_STANDARD = "gnu++14";
				CLANG_CXX_LIBRARY = "libc++";
				CLANG_ENABLE_MODULES = YES;
				CLANG_ENABLE_OBJC_ARC = YES;
				CLANG_ENABLE_OBJC_WEAK = YES;
				CLANG_WARN_BLOCK_CAPTURE_AUTORELEASING = YES;
				CLANG_WARN_BOOL_CONVERSION = YES;
				CLANG_WARN_COMMA = YES;
				CLANG_WARN_CONSTANT_CONVERSION = YES;
				CLANG_WARN_DEPRECATED_OBJC_IMPLEMENTATIONS = YES;
				CLANG_WARN_DIRECT_OBJC_ISA_USAGE = YES_ERROR;
				CLANG_WARN_DOCUMENTATION_COMMENTS = YES;
				CLANG_WARN_EMPTY_BODY = YES;
				CLANG_WARN_ENUM_CONVERSION = YES;
				CLANG_WARN_INFINITE_RECURSION = YES;
				CLANG_WARN_INT_CONVERSION = YES;
				CLANG_WARN_NON_LITERAL_NULL_CONVERSION = YES;
				CLANG_WARN_OBJC_IMPLICIT_RETAIN_SELF = YES;
				CLANG_WARN_OBJC_LITERAL_CONVERSION = YES;
				CLANG_WARN_OBJC_ROOT_CLASS = YES_ERROR;
				CLANG_WARN_RANGE_LOOP_ANALYSIS = YES;
				CLANG_WARN_STRICT_PROTOTYPES = YES;
				CLANG_WARN_SUSPICIOUS_MOVE = YES;
				CLANG_WARN_UNGUARDED_AVAILABILITY = YES_AGGRESSIVE;
				CLANG_WARN_UNREACHABLE_CODE = YES;
				CLANG_WARN__DUPLICATE_METHOD_MATCH = YES;
				CODE_SIGN_IDENTITY = "iPhone Developer";
				COPY_PHASE_STRIP = NO;
				DEBUG_INFORMATION_FORMAT = "dwarf-with-dsym";
				ENABLE_NS_ASSERTIONS = NO;
				ENABLE_STRICT_OBJC_MSGSEND = YES;
				GCC_C_LANGUAGE_STANDARD = gnu11;
				GCC_NO_COMMON_BLOCKS = YES;
				GCC_WARN_64_TO_32_BIT_CONVERSION = YES;
				GCC_WARN_ABOUT_RETURN_TYPE = YES_ERROR;
				GCC_WARN_UNDECLARED_SELECTOR = YES;
				GCC_WARN_UNINITIALIZED_AUTOS = YES_AGGRESSIVE;
				GCC_WARN_UNUSED_FUNCTION = YES;
				GCC_WARN_UNUSED_VARIABLE = YES;
				IPHONEOS_DEPLOYMENT_TARGET = 12.1;
				MTL_ENABLE_DEBUG_INFO = NO;
				MTL_FAST_MATH = YES;
				SDKROOT = iphoneos;
				SWIFT_COMPILATION_MODE = wholemodule;
				SWIFT_OPTIMIZATION_LEVEL = "-O";
				VALIDATE_PRODUCT = YES;
			};
			name = Release;
		};
		D22FB19F21B6DF1D00260C51 /* Debug */ = {
			isa = XCBuildConfiguration;
			buildSettings = {
				ASSETCATALOG_COMPILER_APPICON_NAME = AppIcon;
				CODE_SIGN_STYLE = Automatic;
				DEVELOPMENT_TEAM = M6UL89LB74;
				INFOPLIST_FILE = VentaEntradas/Info.plist;
				LD_RUNPATH_SEARCH_PATHS = (
					"$(inherited)",
					"@executable_path/Frameworks",
				);
				PRODUCT_BUNDLE_IDENTIFIER = Joaquin.VentaEntradas;
				PRODUCT_NAME = "$(TARGET_NAME)";
				SWIFT_VERSION = 4.2;
				TARGETED_DEVICE_FAMILY = "1,2";
			};
			name = Debug;
		};
		D22FB1A021B6DF1D00260C51 /* Release */ = {
			isa = XCBuildConfiguration;
			buildSettings = {
				ASSETCATALOG_COMPILER_APPICON_NAME = AppIcon;
				CODE_SIGN_STYLE = Automatic;
				DEVELOPMENT_TEAM = M6UL89LB74;
				INFOPLIST_FILE = VentaEntradas/Info.plist;
				LD_RUNPATH_SEARCH_PATHS = (
					"$(inherited)",
					"@executable_path/Frameworks",
				);
				PRODUCT_BUNDLE_IDENTIFIER = Joaquin.VentaEntradas;
				PRODUCT_NAME = "$(TARGET_NAME)";
				SWIFT_VERSION = 4.2;
				TARGETED_DEVICE_FAMILY = "1,2";
			};
			name = Release;
		};
/* End XCBuildConfiguration section */

/* Begin XCConfigurationList section */
		D22FB18721B6DF1C00260C51 /* Build configuration list for PBXProject "VentaEntradas" */ = {
			isa = XCConfigurationList;
			buildConfigurations = (
				D22FB19C21B6DF1D00260C51 /* Debug */,
				D22FB19D21B6DF1D00260C51 /* Release */,
			);
			defaultConfigurationIsVisible = 0;
			defaultConfigurationName = Release;
		};
		D22FB19E21B6DF1D00260C51 /* Build configuration list for PBXNativeTarget "VentaEntradas" */ = {
			isa = XCConfigurationList;
			buildConfigurations = (
				D22FB19F21B6DF1D00260C51 /* Debug */,
				D22FB1A021B6DF1D00260C51 /* Release */,
			);
			defaultConfigurationIsVisible = 0;
			defaultConfigurationName = Release;
		};
/* End XCConfigurationList section */
	};
	rootObject = D22FB18421B6DF1C00260C51 /* Project object */;
}
